
Microsoft Visual Studio Solution File, Format Version 12.00
# Visual Studio Version 16
VisualStudioVersion = 16.0.30114.105
MinimumVisualStudioVersion = 10.0.40219.1
Project("{FAE04EC0-301F-11D3-BF4B-00C04F79EFBC}") = "API", "API\API.csproj", "{2E393F30-DF9D-46D3-A143-5FD4DFE690C6}"
EndProject
Project("{FAE04EC0-301F-11D3-BF4B-00C04F79EFBC}") = "Application", "Application\Application.csproj", "{5CBC908E-4347-4729-81B3-6F8ABC8944AE}"
EndProject
Project("{FAE04EC0-301F-11D3-BF4B-00C04F79EFBC}") = "Persistence", "Persistence\Persistence.csproj", "{CB28654A-E4F4-4732-BEBF-0A7DEF0C9A7E}"
EndProject
Project("{FAE04EC0-301F-11D3-BF4B-00C04F79EFBC}") = "Domain", "Domain\Domain.csproj", "{1816C437-8B2F-44F9-8774-C84E6952A1AA}"
EndProject
Global
	GlobalSection(SolutionConfigurationPlatforms) = preSolution
		Debug|Any CPU = Debug|Any CPU
		Release|Any CPU = Release|Any CPU
	EndGlobalSection
	GlobalSection(SolutionProperties) = preSolution
		HideSolutionNode = FALSE
	EndGlobalSection
	GlobalSection(ProjectConfigurationPlatforms) = postSolution
		{2E393F30-DF9D-46D3-A143-5FD4DFE690C6}.Debug|Any CPU.ActiveCfg = Debug|Any CPU
		{2E393F30-DF9D-46D3-A143-5FD4DFE690C6}.Debug|Any CPU.Build.0 = Debug|Any CPU
		{2E393F30-DF9D-46D3-A143-5FD4DFE690C6}.Release|Any CPU.ActiveCfg = Release|Any CPU
		{2E393F30-DF9D-46D3-A143-5FD4DFE690C6}.Release|Any CPU.Build.0 = Release|Any CPU
		{5CBC908E-4347-4729-81B3-6F8ABC8944AE}.Debug|Any CPU.ActiveCfg = Debug|Any CPU
		{5CBC908E-4347-4729-81B3-6F8ABC8944AE}.Debug|Any CPU.Build.0 = Debug|Any CPU
		{5CBC908E-4347-4729-81B3-6F8ABC8944AE}.Release|Any CPU.ActiveCfg = Release|Any CPU
		{5CBC908E-4347-4729-81B3-6F8ABC8944AE}.Release|Any CPU.Build.0 = Release|Any CPU
		{CB28654A-E4F4-4732-BEBF-0A7DEF0C9A7E}.Debug|Any CPU.ActiveCfg = Debug|Any CPU
		{CB28654A-E4F4-4732-BEBF-0A7DEF0C9A7E}.Debug|Any CPU.Build.0 = Debug|Any CPU
		{CB28654A-E4F4-4732-BEBF-0A7DEF0C9A7E}.Release|Any CPU.ActiveCfg = Release|Any CPU
		{CB28654A-E4F4-4732-BEBF-0A7DEF0C9A7E}.Release|Any CPU.Build.0 = Release|Any CPU
		{1816C437-8B2F-44F9-8774-C84E6952A1AA}.Debug|Any CPU.ActiveCfg = Debug|Any CPU
		{1816C437-8B2F-44F9-8774-C84E6952A1AA}.Debug|Any CPU.Build.0 = Debug|Any CPU
		{1816C437-8B2F-44F9-8774-C84E6952A1AA}.Release|Any CPU.ActiveCfg = Release|Any CPU
		{1816C437-8B2F-44F9-8774-C84E6952A1AA}.Release|Any CPU.Build.0 = Release|Any CPU
	EndGlobalSection
EndGlobal
